
Microsoft Visual Studio Solution File, Format Version 12.00
# Visual Studio Version 16
VisualStudioVersion = 16.0.30002.166
MinimumVisualStudioVersion = 10.0.40219.1
Project("{FAE04EC0-301F-11D3-BF4B-00C04F79EFBC}") = "OrderProcessing", "OrderProcessing\OrderProcessing.csproj", "{F18CD9FB-7841-45E5-B7DD-572FB644EC4A}"
EndProject
Project("{FAE04EC0-301F-11D3-BF4B-00C04F79EFBC}") = "OrderProcessingTest", "OrderProcessingTest\OrderProcessingTest.csproj", "{D610034C-7F11-4EAA-8D02-5438AA22D682}"
EndProject
Global
	GlobalSection(SolutionConfigurationPlatforms) = preSolution
		Debug|Any CPU = Debug|Any CPU
		Release|Any CPU = Release|Any CPU
	EndGlobalSection
	GlobalSection(ProjectConfigurationPlatforms) = postSolution
		{F18CD9FB-7841-45E5-B7DD-572FB644EC4A}.Debug|Any CPU.ActiveCfg = Debug|Any CPU
		{F18CD9FB-7841-45E5-B7DD-572FB644EC4A}.Debug|Any CPU.Build.0 = Debug|Any CPU
		{F18CD9FB-7841-45E5-B7DD-572FB644EC4A}.Release|Any CPU.ActiveCfg = Release|Any CPU
		{F18CD9FB-7841-45E5-B7DD-572FB644EC4A}.Release|Any CPU.Build.0 = Release|Any CPU
		{D610034C-7F11-4EAA-8D02-5438AA22D682}.Debug|Any CPU.ActiveCfg = Debug|Any CPU
		{D610034C-7F11-4EAA-8D02-5438AA22D682}.Debug|Any CPU.Build.0 = Debug|Any CPU
		{D610034C-7F11-4EAA-8D02-5438AA22D682}.Release|Any CPU.ActiveCfg = Release|Any CPU
		{D610034C-7F11-4EAA-8D02-5438AA22D682}.Release|Any CPU.Build.0 = Release|Any CPU
	EndGlobalSection
	GlobalSection(SolutionProperties) = preSolution
		HideSolutionNode = FALSE
	EndGlobalSection
	GlobalSection(ExtensibilityGlobals) = postSolution
		SolutionGuid = {3DA49CCC-27A5-4E5A-8E25-63A8C424D964}
	EndGlobalSection
EndGlobal
